
Microsoft Visual Studio Solution File, Format Version 12.00
# Visual Studio 2012
Project("{FAE04EC0-301F-11D3-BF4B-00C04F79EFBC}") = "GegicTarik", "GegicTarik\GegicTarik.csproj", "{5236DA8E-59D7-4A7E-BEBE-988CD637079F}"
EndProject
Global
	GlobalSection(SolutionConfigurationPlatforms) = preSolution
		Debug|Any CPU = Debug|Any CPU
		Release|Any CPU = Release|Any CPU
	EndGlobalSection
	GlobalSection(ProjectConfigurationPlatforms) = postSolution
		{5236DA8E-59D7-4A7E-BEBE-988CD637079F}.Debug|Any CPU.ActiveCfg = Debug|Any CPU
		{5236DA8E-59D7-4A7E-BEBE-988CD637079F}.Debug|Any CPU.Build.0 = Debug|Any CPU
		{5236DA8E-59D7-4A7E-BEBE-988CD637079F}.Release|Any CPU.ActiveCfg = Release|Any CPU
		{5236DA8E-59D7-4A7E-BEBE-988CD637079F}.Release|Any CPU.Build.0 = Release|Any CPU
	EndGlobalSection
	GlobalSection(SolutionProperties) = preSolution
		HideSolutionNode = FALSE
	EndGlobalSection
EndGlobal
